{
  "name": "p2-tofu-base",
  "version": "1.0.0",
  "lockfileVersion": 1,
  "requires": true,
  "dependencies": {
    "jquery": {
      "version": "3.3.1",
      "resolved": "https://registry.npmjs.org/jquery/-/jquery-3.3.1.tgz",
      "integrity": "sha512-Ubldcmxp5np52/ENotGxlLe6aGMvmF4R8S6tZjsP6Knsaxd/xp3Zrh50cG93lR6nPXyUFwzN3ZSOQI0wRJNdGg=="
    },
    "normalize.css": {
      "version": "8.0.1",
      "resolved": "https://registry.npmjs.org/normalize.css/-/normalize.css-8.0.1.tgz",
      "integrity": "sha512-qizSNPO93t1YUuUhP22btGOo3chcvDFqFaj2TRybP0DMxkHOCTYwp3n34fel4a31ORXy4m1Xq0Gyqpb5m33qIg==",
      "dev": true
    },
    "susy": {
      "version": "3.0.5",
      "resolved": "https://registry.npmjs.org/susy/-/susy-3.0.5.tgz",
      "integrity": "sha512-Adc67mYO0n7eKn0lnyVOMN9lqA3JrHE/NAMfOQQnm2g8yvcZpmcrNfiHjfQXVodXdZE1PyluPnUjPhezaKGztA==",
      "dev": true
    }
  }
}
